// !$*UTF8*$!
{
	archiveVersion = 1;
	classes = {
	};
	objectVersion = 50;
	objects = {

/* Begin PBXBuildFile section */
		6486800F2360056E00793055 /* Hola.swift in Sources */ = {isa = PBXBuildFile; fileRef = 6486800E2360056E00793055 /* Hola.swift */; };
		CD3B2DB6235F795000E16BF2 /* AppDelegate.swift in Sources */ = {isa = PBXBuildFile; fileRef = CD3B2DB5235F795000E16BF2 /* AppDelegate.swift */; };
		CD3B2DBA235F795000E16BF2 /* ViewController.swift in Sources */ = {isa = PBXBuildFile; fileRef = CD3B2DB9235F795000E16BF2 /* ViewController.swift */; };
		CD3B2DBD235F795000E16BF2 /* Main.storyboard in Resources */ = {isa = PBXBuildFile; fileRef = CD3B2DBB235F795000E16BF2 /* Main.storyboard */; };
		CD3B2DBF235F795200E16BF2 /* Assets.xcassets in Resources */ = {isa = PBXBuildFile; fileRef = CD3B2DBE235F795200E16BF2 /* Assets.xcassets */; };
		CD3B2DC2235F795200E16BF2 /* LaunchScreen.storyboard in Resources */ = {isa = PBXBuildFile; fileRef = CD3B2DC0235F795200E16BF2 /* LaunchScreen.storyboard */; };
		CD3B2DDA235F797200E16BF2 /* HolaClientTests.swift in Sources */ = {isa = PBXBuildFile; fileRef = CD3B2DD8235F797200E16BF2 /* HolaClientTests.swift */; };
		CD3B2DDB235F797200E16BF2 /* Info.plist in Resources */ = {isa = PBXBuildFile; fileRef = CD3B2DD9235F797200E16BF2 /* Info.plist */; };
		CD438A99235F9E9A009F3A33 /* Client.swift in Sources */ = {isa = PBXBuildFile; fileRef = CD438A98235F9E9A009F3A33 /* Client.swift */; };
/* End PBXBuildFile section */

/* Begin PBXContainerItemProxy section */
		CD3B2DC9235F795200E16BF2 /* PBXContainerItemProxy */ = {
			isa = PBXContainerItemProxy;
			containerPortal = CD3B2DAA235F795000E16BF2 /* Project object */;
			proxyType = 1;
			remoteGlobalIDString = CD3B2DB1235F795000E16BF2;
			remoteInfo = HolaClient;
		};
/* End PBXContainerItemProxy section */

/* Begin PBXFileReference section */
		6486800E2360056E00793055 /* Hola.swift */ = {isa = PBXFileReference; lastKnownFileType = sourcecode.swift; path = Hola.swift; sourceTree = "<group>"; };
		CD3B2DB2235F795000E16BF2 /* HolaClient.app */ = {isa = PBXFileReference; explicitFileType = wrapper.application; includeInIndex = 0; path = HolaClient.app; sourceTree = BUILT_PRODUCTS_DIR; };
		CD3B2DB5235F795000E16BF2 /* AppDelegate.swift */ = {isa = PBXFileReference; lastKnownFileType = sourcecode.swift; path = AppDelegate.swift; sourceTree = "<group>"; };
		CD3B2DB9235F795000E16BF2 /* ViewController.swift */ = {isa = PBXFileReference; lastKnownFileType = sourcecode.swift; path = ViewController.swift; sourceTree = "<group>"; };
		CD3B2DBC235F795000E16BF2 /* Base */ = {isa = PBXFileReference; lastKnownFileType = file.storyboard; name = Base; path = Base.lproj/Main.storyboard; sourceTree = "<group>"; };
		CD3B2DBE235F795200E16BF2 /* Assets.xcassets */ = {isa = PBXFileReference; lastKnownFileType = folder.assetcatalog; path = Assets.xcassets; sourceTree = "<group>"; };
		CD3B2DC1235F795200E16BF2 /* Base */ = {isa = PBXFileReference; lastKnownFileType = file.storyboard; name = Base; path = Base.lproj/LaunchScreen.storyboard; sourceTree = "<group>"; };
		CD3B2DC3235F795200E16BF2 /* Info.plist */ = {isa = PBXFileReference; lastKnownFileType = text.plist.xml; path = Info.plist; sourceTree = "<group>"; };
		CD3B2DC8235F795200E16BF2 /* HolaClientTests.xctest */ = {isa = PBXFileReference; explicitFileType = wrapper.cfbundle; includeInIndex = 0; path = HolaClientTests.xctest; sourceTree = BUILT_PRODUCTS_DIR; };
		CD3B2DD8235F797200E16BF2 /* HolaClientTests.swift */ = {isa = PBXFileReference; fileEncoding = 4; lastKnownFileType = sourcecode.swift; path = HolaClientTests.swift; sourceTree = "<group>"; };
		CD3B2DD9235F797200E16BF2 /* Info.plist */ = {isa = PBXFileReference; fileEncoding = 4; lastKnownFileType = text.plist.xml; path = Info.plist; sourceTree = "<group>"; };
		CD438A98235F9E9A009F3A33 /* Client.swift */ = {isa = PBXFileReference; lastKnownFileType = sourcecode.swift; path = Client.swift; sourceTree = "<group>"; };
/* End PBXFileReference section */

/* Begin PBXFrameworksBuildPhase section */
		CD3B2DAF235F795000E16BF2 /* Frameworks */ = {
			isa = PBXFrameworksBuildPhase;
			buildActionMask = 2147483647;
			files = (
			);
			runOnlyForDeploymentPostprocessing = 0;
		};
		CD3B2DC5235F795200E16BF2 /* Frameworks */ = {
			isa = PBXFrameworksBuildPhase;
			buildActionMask = 2147483647;
			files = (
			);
			runOnlyForDeploymentPostprocessing = 0;
		};
/* End PBXFrameworksBuildPhase section */

/* Begin PBXGroup section */
		CD3B2DA9235F795000E16BF2 = {
			isa = PBXGroup;
			children = (
				CD3B2DB4235F795000E16BF2 /* HolaClient */,
				6486800E2360056E00793055 /* Hola.swift */,
				CD3B2DD7235F797200E16BF2 /* HolaClientTests */,
				CD3B2DB3235F795000E16BF2 /* Products */,
			);
			sourceTree = "<group>";
		};
		CD3B2DB3235F795000E16BF2 /* Products */ = {
			isa = PBXGroup;
			children = (
				CD3B2DB2235F795000E16BF2 /* HolaClient.app */,
				CD3B2DC8235F795200E16BF2 /* HolaClientTests.xctest */,
			);
			name = Products;
			sourceTree = "<group>";
		};
		CD3B2DB4235F795000E16BF2 /* HolaClient */ = {
			isa = PBXGroup;
			children = (
				CD438A9A235F9E9E009F3A33 /* Services */,
				CD3B2DDC235F79B000E16BF2 /* Supporting */,
			);
			path = HolaClient;
			sourceTree = "<group>";
		};
		CD3B2DD7235F797200E16BF2 /* HolaClientTests */ = {
			isa = PBXGroup;
			children = (
				CD3B2DD8235F797200E16BF2 /* HolaClientTests.swift */,
				CD3B2DD9235F797200E16BF2 /* Info.plist */,
			);
			path = HolaClientTests;
			sourceTree = "<group>";
		};
		CD3B2DDC235F79B000E16BF2 /* Supporting */ = {
			isa = PBXGroup;
			children = (
				CD3B2DB5235F795000E16BF2 /* AppDelegate.swift */,
				CD3B2DB9235F795000E16BF2 /* ViewController.swift */,
				CD3B2DBB235F795000E16BF2 /* Main.storyboard */,
				CD3B2DC0235F795200E16BF2 /* LaunchScreen.storyboard */,
				CD3B2DBE235F795200E16BF2 /* Assets.xcassets */,
				CD3B2DC3235F795200E16BF2 /* Info.plist */,
			);
			path = Supporting;
			sourceTree = "<group>";
		};
		CD438A9A235F9E9E009F3A33 /* Services */ = {
			isa = PBXGroup;
			children = (
				CD438A98235F9E9A009F3A33 /* Client.swift */,
			);
			path = Services;
			sourceTree = "<group>";
		};
/* End PBXGroup section */

/* Begin PBXNativeTarget section */
		CD3B2DB1235F795000E16BF2 /* HolaClient */ = {
			isa = PBXNativeTarget;
			buildConfigurationList = CD3B2DD1235F795200E16BF2 /* Build configuration list for PBXNativeTarget "HolaClient" */;
			buildPhases = (
				CD3B2DAE235F795000E16BF2 /* Sources */,
				CD3B2DAF235F795000E16BF2 /* Frameworks */,
				CD3B2DB0235F795000E16BF2 /* Resources */,
				CD3B2DDD235F7A8000E16BF2 /* Begin HolaServer */,
			);
			buildRules = (
			);
			dependencies = (
			);
			name = HolaClient;
			productName = HolaClient;
			productReference = CD3B2DB2235F795000E16BF2 /* HolaClient.app */;
			productType = "com.apple.product-type.application";
		};
		CD3B2DC7235F795200E16BF2 /* HolaClientTests */ = {
			isa = PBXNativeTarget;
			buildConfigurationList = CD3B2DD4235F795200E16BF2 /* Build configuration list for PBXNativeTarget "HolaClientTests" */;
			buildPhases = (
				CD3B2DC4235F795200E16BF2 /* Sources */,
				CD3B2DC5235F795200E16BF2 /* Frameworks */,
				CD3B2DC6235F795200E16BF2 /* Resources */,
			);
			buildRules = (
			);
			dependencies = (
				CD3B2DCA235F795200E16BF2 /* PBXTargetDependency */,
			);
			name = HolaClientTests;
			productName = HolaClientTests;
			productReference = CD3B2DC8235F795200E16BF2 /* HolaClientTests.xctest */;
			productType = "com.apple.product-type.bundle.unit-test";
		};
/* End PBXNativeTarget section */

/* Begin PBXProject section */
		CD3B2DAA235F795000E16BF2 /* Project object */ = {
			isa = PBXProject;
			attributes = {
				LastSwiftUpdateCheck = 1110;
				LastUpgradeCheck = 1110;
				ORGANIZATIONNAME = "Philip Shen";
				TargetAttributes = {
					CD3B2DB1235F795000E16BF2 = {
						CreatedOnToolsVersion = 11.1;
					};
					CD3B2DC7235F795200E16BF2 = {
						CreatedOnToolsVersion = 11.1;
						TestTargetID = CD3B2DB1235F795000E16BF2;
					};
				};
			};
			buildConfigurationList = CD3B2DAD235F795000E16BF2 /* Build configuration list for PBXProject "HolaClient" */;
			compatibilityVersion = "Xcode 9.3";
			developmentRegion = en;
			hasScannedForEncodings = 0;
			knownRegions = (
				en,
				Base,
			);
			mainGroup = CD3B2DA9235F795000E16BF2;
			productRefGroup = CD3B2DB3235F795000E16BF2 /* Products */;
			projectDirPath = "";
			projectRoot = "";
			targets = (
				CD3B2DB1235F795000E16BF2 /* HolaClient */,
				CD3B2DC7235F795200E16BF2 /* HolaClientTests */,
			);
		};
/* End PBXProject section */

/* Begin PBXResourcesBuildPhase section */
		CD3B2DB0235F795000E16BF2 /* Resources */ = {
			isa = PBXResourcesBuildPhase;
			buildActionMask = 2147483647;
			files = (
				CD3B2DC2235F795200E16BF2 /* LaunchScreen.storyboard in Resources */,
				CD3B2DBF235F795200E16BF2 /* Assets.xcassets in Resources */,
				CD3B2DBD235F795000E16BF2 /* Main.storyboard in Resources */,
			);
			runOnlyForDeploymentPostprocessing = 0;
		};
		CD3B2DC6235F795200E16BF2 /* Resources */ = {
			isa = PBXResourcesBuildPhase;
			buildActionMask = 2147483647;
			files = (
				CD3B2DDB235F797200E16BF2 /* Info.plist in Resources */,
			);
			runOnlyForDeploymentPostprocessing = 0;
		};
/* End PBXResourcesBuildPhase section */

/* Begin PBXShellScriptBuildPhase section */
		CD3B2DDD235F7A8000E16BF2 /* Begin HolaServer */ = {
			isa = PBXShellScriptBuildPhase;
			buildActionMask = 12;
			files = (
			);
			inputFileListPaths = (
			);
			inputPaths = (
			);
			name = "Begin HolaServer";
			outputFileListPaths = (
			);
			outputPaths = (
			);
			runOnlyForDeploymentPostprocessing = 0;
			shellPath = /bin/sh;
			shellScript = "# Type a script or drag a script file from your workspace to insert its path.\nxcodebuild -scheme HolaServer -project ../HolaServer/HolaServer.xcodeproj/ -configuration ${CONFIGURATION}\nopen ~/Library/Developer/Xcode/DerivedData/HolaServer-*/Build/Products/${CONFIGURATION}/HolaServer.app\n\n";
		};
/* End PBXShellScriptBuildPhase section */

/* Begin PBXSourcesBuildPhase section */
		CD3B2DAE235F795000E16BF2 /* Sources */ = {
			isa = PBXSourcesBuildPhase;
			buildActionMask = 2147483647;
			files = (
				CD3B2DBA235F795000E16BF2 /* ViewController.swift in Sources */,
				CD438A99235F9E9A009F3A33 /* Client.swift in Sources */,
				6486800F2360056E00793055 /* Hola.swift in Sources */,
				CD3B2DB6235F795000E16BF2 /* AppDelegate.swift in Sources */,
			);
			runOnlyForDeploymentPostprocessing = 0;
		};
		CD3B2DC4235F795200E16BF2 /* Sources */ = {
			isa = PBXSourcesBuildPhase;
			buildActionMask = 2147483647;
			files = (
				CD3B2DDA235F797200E16BF2 /* HolaClientTests.swift in Sources */,
			);
			runOnlyForDeploymentPostprocessing = 0;
		};
/* End PBXSourcesBuildPhase section */

/* Begin PBXTargetDependency section */
		CD3B2DCA235F795200E16BF2 /* PBXTargetDependency */ = {
			isa = PBXTargetDependency;
			target = CD3B2DB1235F795000E16BF2 /* HolaClient */;
			targetProxy = CD3B2DC9235F795200E16BF2 /* PBXContainerItemProxy */;
		};
/* End PBXTargetDependency section */

/* Begin PBXVariantGroup section */
		CD3B2DBB235F795000E16BF2 /* Main.storyboard */ = {
			isa = PBXVariantGroup;
			children = (
				CD3B2DBC235F795000E16BF2 /* Base */,
			);
			name = Main.storyboard;
			sourceTree = "<group>";
		};
		CD3B2DC0235F795200E16BF2 /* LaunchScreen.storyboard */ = {
			isa = PBXVariantGroup;
			children = (
				CD3B2DC1235F795200E16BF2 /* Base */,
			);
			name = LaunchScreen.storyboard;
			sourceTree = "<group>";
		};
/* End PBXVariantGroup section */

/* Begin XCBuildConfiguration section */
		CD3B2DCF235F795200E16BF2 /* Debug */ = {
			isa = XCBuildConfiguration;
			buildSettings = {
				ALWAYS_SEARCH_USER_PATHS = NO;
				CLANG_ANALYZER_NONNULL = YES;
				CLANG_ANALYZER_NUMBER_OBJECT_CONVERSION = YES_AGGRESSIVE;
				CLANG_CXX_LANGUAGE_STANDARD = "gnu++14";
				CLANG_CXX_LIBRARY = "libc++";
				CLANG_ENABLE_MODULES = YES;
				CLANG_ENABLE_OBJC_ARC = YES;
				CLANG_ENABLE_OBJC_WEAK = YES;
				CLANG_WARN_BLOCK_CAPTURE_AUTORELEASING = YES;
				CLANG_WARN_BOOL_CONVERSION = YES;
				CLANG_WARN_COMMA = YES;
				CLANG_WARN_CONSTANT_CONVERSION = YES;
				CLANG_WARN_DEPRECATED_OBJC_IMPLEMENTATIONS = YES;
				CLANG_WARN_DIRECT_OBJC_ISA_USAGE = YES_ERROR;
				CLANG_WARN_DOCUMENTATION_COMMENTS = YES;
				CLANG_WARN_EMPTY_BODY = YES;
				CLANG_WARN_ENUM_CONVERSION = YES;
				CLANG_WARN_INFINITE_RECURSION = YES;
				CLANG_WARN_INT_CONVERSION = YES;
				CLANG_WARN_NON_LITERAL_NULL_CONVERSION = YES;
				CLANG_WARN_OBJC_IMPLICIT_RETAIN_SELF = YES;
				CLANG_WARN_OBJC_LITERAL_CONVERSION = YES;
				CLANG_WARN_OBJC_ROOT_CLASS = YES_ERROR;
				CLANG_WARN_RANGE_LOOP_ANALYSIS = YES;
				CLANG_WARN_STRICT_PROTOTYPES = YES;
				CLANG_WARN_SUSPICIOUS_MOVE = YES;
				CLANG_WARN_UNGUARDED_AVAILABILITY = YES_AGGRESSIVE;
				CLANG_WARN_UNREACHABLE_CODE = YES;
				CLANG_WARN__DUPLICATE_METHOD_MATCH = YES;
				COPY_PHASE_STRIP = NO;
				DEBUG_INFORMATION_FORMAT = dwarf;
				ENABLE_STRICT_OBJC_MSGSEND = YES;
				ENABLE_TESTABILITY = YES;
				GCC_C_LANGUAGE_STANDARD = gnu11;
				GCC_DYNAMIC_NO_PIC = NO;
				GCC_NO_COMMON_BLOCKS = YES;
				GCC_OPTIMIZATION_LEVEL = 0;
				GCC_PREPROCESSOR_DEFINITIONS = (
					"DEBUG=1",
					"$(inherited)",
				);
				GCC_WARN_64_TO_32_BIT_CONVERSION = YES;
				GCC_WARN_ABOUT_RETURN_TYPE = YES_ERROR;
				GCC_WARN_UNDECLARED_SELECTOR = YES;
				GCC_WARN_UNINITIALIZED_AUTOS = YES_AGGRESSIVE;
				GCC_WARN_UNUSED_FUNCTION = YES;
				GCC_WARN_UNUSED_VARIABLE = YES;
				IPHONEOS_DEPLOYMENT_TARGET = 13.1;
				MTL_ENABLE_DEBUG_INFO = INCLUDE_SOURCE;
				MTL_FAST_MATH = YES;
				ONLY_ACTIVE_ARCH = YES;
				SDKROOT = iphoneos;
				SWIFT_ACTIVE_COMPILATION_CONDITIONS = DEBUG;
				SWIFT_OPTIMIZATION_LEVEL = "-Onone";
			};
			name = Debug;
		};
		CD3B2DD0235F795200E16BF2 /* Release */ = {
			isa = XCBuildConfiguration;
			buildSettings = {
				ALWAYS_SEARCH_USER_PATHS = NO;
				CLANG_ANALYZER_NONNULL = YES;
				CLANG_ANALYZER_NUMBER_OBJECT_CONVERSION = YES_AGGRESSIVE;
				CLANG_CXX_LANGUAGE_STANDARD = "gnu++14";
				CLANG_CXX_LIBRARY = "libc++";
				CLANG_ENABLE_MODULES = YES;
				CLANG_ENABLE_OBJC_ARC = YES;
				CLANG_ENABLE_OBJC_WEAK = YES;
				CLANG_WARN_BLOCK_CAPTURE_AUTORELEASING = YES;
				CLANG_WARN_BOOL_CONVERSION = YES;
				CLANG_WARN_COMMA = YES;
				CLANG_WARN_CONSTANT_CONVERSION = YES;
				CLANG_WARN_DEPRECATED_OBJC_IMPLEMENTATIONS = YES;
				CLANG_WARN_DIRECT_OBJC_ISA_USAGE = YES_ERROR;
				CLANG_WARN_DOCUMENTATION_COMMENTS = YES;
				CLANG_WARN_EMPTY_BODY = YES;
				CLANG_WARN_ENUM_CONVERSION = YES;
				CLANG_WARN_INFINITE_RECURSION = YES;
				CLANG_WARN_INT_CONVERSION = YES;
				CLANG_WARN_NON_LITERAL_NULL_CONVERSION = YES;
				CLANG_WARN_OBJC_IMPLICIT_RETAIN_SELF = YES;
				CLANG_WARN_OBJC_LITERAL_CONVERSION = YES;
				CLANG_WARN_OBJC_ROOT_CLASS = YES_ERROR;
				CLANG_WARN_RANGE_LOOP_ANALYSIS = YES;
				CLANG_WARN_STRICT_PROTOTYPES = YES;
				CLANG_WARN_SUSPICIOUS_MOVE = YES;
				CLANG_WARN_UNGUARDED_AVAILABILITY = YES_AGGRESSIVE;
				CLANG_WARN_UNREACHABLE_CODE = YES;
				CLANG_WARN__DUPLICATE_METHOD_MATCH = YES;
				COPY_PHASE_STRIP = NO;
				DEBUG_INFORMATION_FORMAT = "dwarf-with-dsym";
				ENABLE_NS_ASSERTIONS = NO;
				ENABLE_STRICT_OBJC_MSGSEND = YES;
				GCC_C_LANGUAGE_STANDARD = gnu11;
				GCC_NO_COMMON_BLOCKS = YES;
				GCC_WARN_64_TO_32_BIT_CONVERSION = YES;
				GCC_WARN_ABOUT_RETURN_TYPE = YES_ERROR;
				GCC_WARN_UNDECLARED_SELECTOR = YES;
				GCC_WARN_UNINITIALIZED_AUTOS = YES_AGGRESSIVE;
				GCC_WARN_UNUSED_FUNCTION = YES;
				GCC_WARN_UNUSED_VARIABLE = YES;
				IPHONEOS_DEPLOYMENT_TARGET = 13.1;
				MTL_ENABLE_DEBUG_INFO = NO;
				MTL_FAST_MATH = YES;
				SDKROOT = iphoneos;
				SWIFT_COMPILATION_MODE = wholemodule;
				SWIFT_OPTIMIZATION_LEVEL = "-O";
				VALIDATE_PRODUCT = YES;
			};
			name = Release;
		};
		CD3B2DD2235F795200E16BF2 /* Debug */ = {
			isa = XCBuildConfiguration;
			buildSettings = {
				ASSETCATALOG_COMPILER_APPICON_NAME = AppIcon;
				CODE_SIGN_STYLE = Automatic;
				DEVELOPMENT_TEAM = 8G99YY6VVQ;
				INFOPLIST_FILE = HolaClient/Supporting/Info.plist;
				IPHONEOS_DEPLOYMENT_TARGET = 10.0;
				LD_RUNPATH_SEARCH_PATHS = (
					"$(inherited)",
					"@executable_path/Frameworks",
				);
				PRODUCT_BUNDLE_IDENTIFIER = com.philipshen.projects.HolaClient;
				PRODUCT_NAME = "$(TARGET_NAME)";
				SWIFT_VERSION = 5.0;
				TARGETED_DEVICE_FAMILY = "1,2";
			};
			name = Debug;
		};
		CD3B2DD3235F795200E16BF2 /* Release */ = {
			isa = XCBuildConfiguration;
			buildSettings = {
				ASSETCATALOG_COMPILER_APPICON_NAME = AppIcon;
				CODE_SIGN_STYLE = Automatic;
				DEVELOPMENT_TEAM = 8G99YY6VVQ;
				INFOPLIST_FILE = HolaClient/Supporting/Info.plist;
				IPHONEOS_DEPLOYMENT_TARGET = 10.0;
				LD_RUNPATH_SEARCH_PATHS = (
					"$(inherited)",
					"@executable_path/Frameworks",
				);
				PRODUCT_BUNDLE_IDENTIFIER = com.philipshen.projects.HolaClient;
				PRODUCT_NAME = "$(TARGET_NAME)";
				SWIFT_VERSION = 5.0;
				TARGETED_DEVICE_FAMILY = "1,2";
			};
			name = Release;
		};
		CD3B2DD5235F795200E16BF2 /* Debug */ = {
			isa = XCBuildConfiguration;
			buildSettings = {
				ALWAYS_EMBED_SWIFT_STANDARD_LIBRARIES = YES;
				BUNDLE_LOADER = "$(TEST_HOST)";
				CODE_SIGN_STYLE = Automatic;
				DEVELOPMENT_TEAM = 8G99YY6VVQ;
				INFOPLIST_FILE = HolaClientTests/Info.plist;
				IPHONEOS_DEPLOYMENT_TARGET = 10.0;
				LD_RUNPATH_SEARCH_PATHS = (
					"$(inherited)",
					"@executable_path/Frameworks",
					"@loader_path/Frameworks",
				);
				PRODUCT_BUNDLE_IDENTIFIER = com.philipshen.projects.HolaClientTests;
				PRODUCT_NAME = "$(TARGET_NAME)";
				SWIFT_VERSION = 5.0;
				TARGETED_DEVICE_FAMILY = "1,2";
				TEST_HOST = "$(BUILT_PRODUCTS_DIR)/HolaClient.app/HolaClient";
			};
			name = Debug;
		};
		CD3B2DD6235F795200E16BF2 /* Release */ = {
			isa = XCBuildConfiguration;
			buildSettings = {
				ALWAYS_EMBED_SWIFT_STANDARD_LIBRARIES = YES;
				BUNDLE_LOADER = "$(TEST_HOST)";
				CODE_SIGN_STYLE = Automatic;
				DEVELOPMENT_TEAM = 8G99YY6VVQ;
				INFOPLIST_FILE = HolaClientTests/Info.plist;
				IPHONEOS_DEPLOYMENT_TARGET = 10.0;
				LD_RUNPATH_SEARCH_PATHS = (
					"$(inherited)",
					"@executable_path/Frameworks",
					"@loader_path/Frameworks",
				);
				PRODUCT_BUNDLE_IDENTIFIER = com.philipshen.projects.HolaClientTests;
				PRODUCT_NAME = "$(TARGET_NAME)";
				SWIFT_VERSION = 5.0;
				TARGETED_DEVICE_FAMILY = "1,2";
				TEST_HOST = "$(BUILT_PRODUCTS_DIR)/HolaClient.app/HolaClient";
			};
			name = Release;
		};
/* End XCBuildConfiguration section */

/* Begin XCConfigurationList section */
		CD3B2DAD235F795000E16BF2 /* Build configuration list for PBXProject "HolaClient" */ = {
			isa = XCConfigurationList;
			buildConfigurations = (
				CD3B2DCF235F795200E16BF2 /* Debug */,
				CD3B2DD0235F795200E16BF2 /* Release */,
			);
			defaultConfigurationIsVisible = 0;
			defaultConfigurationName = Release;
		};
		CD3B2DD1235F795200E16BF2 /* Build configuration list for PBXNativeTarget "HolaClient" */ = {
			isa = XCConfigurationList;
			buildConfigurations = (
				CD3B2DD2235F795200E16BF2 /* Debug */,
				CD3B2DD3235F795200E16BF2 /* Release */,
			);
			defaultConfigurationIsVisible = 0;
			defaultConfigurationName = Release;
		};
		CD3B2DD4235F795200E16BF2 /* Build configuration list for PBXNativeTarget "HolaClientTests" */ = {
			isa = XCConfigurationList;
			buildConfigurations = (
				CD3B2DD5235F795200E16BF2 /* Debug */,
				CD3B2DD6235F795200E16BF2 /* Release */,
			);
			defaultConfigurationIsVisible = 0;
			defaultConfigurationName = Release;
		};
/* End XCConfigurationList section */
	};
	rootObject = CD3B2DAA235F795000E16BF2 /* Project object */;
}
