// !$*UTF8*$!
{
	archiveVersion = 1;
	classes = {
	};
	objectVersion = 50;
	objects = {

/* Begin PBXBuildFile section */
		CD0145DC2360FB1B00C5DD8C /* AppDelegate.swift in Sources */ = {isa = PBXBuildFile; fileRef = CD0145DB2360FB1B00C5DD8C /* AppDelegate.swift */; };
		CD0145DE2360FB1B00C5DD8C /* SceneDelegate.swift in Sources */ = {isa = PBXBuildFile; fileRef = CD0145DD2360FB1B00C5DD8C /* SceneDelegate.swift */; };
		CD0145E02360FB1B00C5DD8C /* ViewController.swift in Sources */ = {isa = PBXBuildFile; fileRef = CD0145DF2360FB1B00C5DD8C /* ViewController.swift */; };
		CD0145E32360FB1B00C5DD8C /* Main.storyboard in Resources */ = {isa = PBXBuildFile; fileRef = CD0145E12360FB1B00C5DD8C /* Main.storyboard */; };
		CD0145E52360FB1C00C5DD8C /* Assets.xcassets in Resources */ = {isa = PBXBuildFile; fileRef = CD0145E42360FB1C00C5DD8C /* Assets.xcassets */; };
		CD0145E82360FB1C00C5DD8C /* LaunchScreen.storyboard in Resources */ = {isa = PBXBuildFile; fileRef = CD0145E62360FB1C00C5DD8C /* LaunchScreen.storyboard */; };
		CD0145F32360FB1C00C5DD8C /* HolaTesterTests.swift in Sources */ = {isa = PBXBuildFile; fileRef = CD0145F22360FB1C00C5DD8C /* HolaTesterTests.swift */; };
		CD0145FE2360FB1D00C5DD8C /* HolaTesterUITests.swift in Sources */ = {isa = PBXBuildFile; fileRef = CD0145FD2360FB1D00C5DD8C /* HolaTesterUITests.swift */; };
		CD01460D2360FB4600C5DD8C /* HolaClient.framework in Frameworks */ = {isa = PBXBuildFile; fileRef = CD01460C2360FB4600C5DD8C /* HolaClient.framework */; };
/* End PBXBuildFile section */

/* Begin PBXContainerItemProxy section */
		CD0145EF2360FB1C00C5DD8C /* PBXContainerItemProxy */ = {
			isa = PBXContainerItemProxy;
			containerPortal = CD0145D02360FB1B00C5DD8C /* Project object */;
			proxyType = 1;
			remoteGlobalIDString = CD0145D72360FB1B00C5DD8C;
			remoteInfo = HolaTester;
		};
		CD0145FA2360FB1D00C5DD8C /* PBXContainerItemProxy */ = {
			isa = PBXContainerItemProxy;
			containerPortal = CD0145D02360FB1B00C5DD8C /* Project object */;
			proxyType = 1;
			remoteGlobalIDString = CD0145D72360FB1B00C5DD8C;
			remoteInfo = HolaTester;
		};
/* End PBXContainerItemProxy section */

/* Begin PBXFileReference section */
		CD0145D82360FB1B00C5DD8C /* HolaTester.app */ = {isa = PBXFileReference; explicitFileType = wrapper.application; includeInIndex = 0; path = HolaTester.app; sourceTree = BUILT_PRODUCTS_DIR; };
		CD0145DB2360FB1B00C5DD8C /* AppDelegate.swift */ = {isa = PBXFileReference; lastKnownFileType = sourcecode.swift; path = AppDelegate.swift; sourceTree = "<group>"; };
		CD0145DD2360FB1B00C5DD8C /* SceneDelegate.swift */ = {isa = PBXFileReference; lastKnownFileType = sourcecode.swift; path = SceneDelegate.swift; sourceTree = "<group>"; };
		CD0145DF2360FB1B00C5DD8C /* ViewController.swift */ = {isa = PBXFileReference; lastKnownFileType = sourcecode.swift; path = ViewController.swift; sourceTree = "<group>"; };
		CD0145E22360FB1B00C5DD8C /* Base */ = {isa = PBXFileReference; lastKnownFileType = file.storyboard; name = Base; path = Base.lproj/Main.storyboard; sourceTree = "<group>"; };
		CD0145E42360FB1C00C5DD8C /* Assets.xcassets */ = {isa = PBXFileReference; lastKnownFileType = folder.assetcatalog; path = Assets.xcassets; sourceTree = "<group>"; };
		CD0145E72360FB1C00C5DD8C /* Base */ = {isa = PBXFileReference; lastKnownFileType = file.storyboard; name = Base; path = Base.lproj/LaunchScreen.storyboard; sourceTree = "<group>"; };
		CD0145E92360FB1C00C5DD8C /* Info.plist */ = {isa = PBXFileReference; lastKnownFileType = text.plist.xml; path = Info.plist; sourceTree = "<group>"; };
		CD0145EE2360FB1C00C5DD8C /* HolaTesterTests.xctest */ = {isa = PBXFileReference; explicitFileType = wrapper.cfbundle; includeInIndex = 0; path = HolaTesterTests.xctest; sourceTree = BUILT_PRODUCTS_DIR; };
		CD0145F22360FB1C00C5DD8C /* HolaTesterTests.swift */ = {isa = PBXFileReference; lastKnownFileType = sourcecode.swift; path = HolaTesterTests.swift; sourceTree = "<group>"; };
		CD0145F42360FB1C00C5DD8C /* Info.plist */ = {isa = PBXFileReference; lastKnownFileType = text.plist.xml; path = Info.plist; sourceTree = "<group>"; };
		CD0145F92360FB1D00C5DD8C /* HolaTesterUITests.xctest */ = {isa = PBXFileReference; explicitFileType = wrapper.cfbundle; includeInIndex = 0; path = HolaTesterUITests.xctest; sourceTree = BUILT_PRODUCTS_DIR; };
		CD0145FD2360FB1D00C5DD8C /* HolaTesterUITests.swift */ = {isa = PBXFileReference; lastKnownFileType = sourcecode.swift; path = HolaTesterUITests.swift; sourceTree = "<group>"; };
		CD0145FF2360FB1D00C5DD8C /* Info.plist */ = {isa = PBXFileReference; lastKnownFileType = text.plist.xml; path = Info.plist; sourceTree = "<group>"; };
		CD01460C2360FB4600C5DD8C /* HolaClient.framework */ = {isa = PBXFileReference; explicitFileType = wrapper.framework; path = HolaClient.framework; sourceTree = BUILT_PRODUCTS_DIR; };
/* End PBXFileReference section */

/* Begin PBXFrameworksBuildPhase section */
		CD0145D52360FB1B00C5DD8C /* Frameworks */ = {
			isa = PBXFrameworksBuildPhase;
			buildActionMask = 2147483647;
			files = (
				CD01460D2360FB4600C5DD8C /* HolaClient.framework in Frameworks */,
			);
			runOnlyForDeploymentPostprocessing = 0;
		};
		CD0145EB2360FB1C00C5DD8C /* Frameworks */ = {
			isa = PBXFrameworksBuildPhase;
			buildActionMask = 2147483647;
			files = (
			);
			runOnlyForDeploymentPostprocessing = 0;
		};
		CD0145F62360FB1D00C5DD8C /* Frameworks */ = {
			isa = PBXFrameworksBuildPhase;
			buildActionMask = 2147483647;
			files = (
			);
			runOnlyForDeploymentPostprocessing = 0;
		};
/* End PBXFrameworksBuildPhase section */

/* Begin PBXGroup section */
		CD0145CF2360FB1B00C5DD8C = {
			isa = PBXGroup;
			children = (
				CD0145DA2360FB1B00C5DD8C /* HolaTester */,
				CD0145F12360FB1C00C5DD8C /* HolaTesterTests */,
				CD0145FC2360FB1D00C5DD8C /* HolaTesterUITests */,
				CD0145D92360FB1B00C5DD8C /* Products */,
				CD01460B2360FB4600C5DD8C /* Frameworks */,
			);
			sourceTree = "<group>";
		};
		CD0145D92360FB1B00C5DD8C /* Products */ = {
			isa = PBXGroup;
			children = (
				CD0145D82360FB1B00C5DD8C /* HolaTester.app */,
				CD0145EE2360FB1C00C5DD8C /* HolaTesterTests.xctest */,
				CD0145F92360FB1D00C5DD8C /* HolaTesterUITests.xctest */,
			);
			name = Products;
			sourceTree = "<group>";
		};
		CD0145DA2360FB1B00C5DD8C /* HolaTester */ = {
			isa = PBXGroup;
			children = (
				CD0145DB2360FB1B00C5DD8C /* AppDelegate.swift */,
				CD0145DD2360FB1B00C5DD8C /* SceneDelegate.swift */,
				CD0145DF2360FB1B00C5DD8C /* ViewController.swift */,
				CD0145E12360FB1B00C5DD8C /* Main.storyboard */,
				CD0145E42360FB1C00C5DD8C /* Assets.xcassets */,
				CD0145E62360FB1C00C5DD8C /* LaunchScreen.storyboard */,
				CD0145E92360FB1C00C5DD8C /* Info.plist */,
			);
			path = HolaTester;
			sourceTree = "<group>";
		};
		CD0145F12360FB1C00C5DD8C /* HolaTesterTests */ = {
			isa = PBXGroup;
			children = (
				CD0145F22360FB1C00C5DD8C /* HolaTesterTests.swift */,
				CD0145F42360FB1C00C5DD8C /* Info.plist */,
			);
			path = HolaTesterTests;
			sourceTree = "<group>";
		};
		CD0145FC2360FB1D00C5DD8C /* HolaTesterUITests */ = {
			isa = PBXGroup;
			children = (
				CD0145FD2360FB1D00C5DD8C /* HolaTesterUITests.swift */,
				CD0145FF2360FB1D00C5DD8C /* Info.plist */,
			);
			path = HolaTesterUITests;
			sourceTree = "<group>";
		};
		CD01460B2360FB4600C5DD8C /* Frameworks */ = {
			isa = PBXGroup;
			children = (
				CD01460C2360FB4600C5DD8C /* HolaClient.framework */,
			);
			name = Frameworks;
			sourceTree = "<group>";
		};
/* End PBXGroup section */

/* Begin PBXNativeTarget section */
		CD0145D72360FB1B00C5DD8C /* HolaTester */ = {
			isa = PBXNativeTarget;
			buildConfigurationList = CD0146022360FB1D00C5DD8C /* Build configuration list for PBXNativeTarget "HolaTester" */;
			buildPhases = (
				CD0145D42360FB1B00C5DD8C /* Sources */,
				CD0145D52360FB1B00C5DD8C /* Frameworks */,
				CD0145D62360FB1B00C5DD8C /* Resources */,
			);
			buildRules = (
			);
			dependencies = (
			);
			name = HolaTester;
			productName = HolaTester;
			productReference = CD0145D82360FB1B00C5DD8C /* HolaTester.app */;
			productType = "com.apple.product-type.application";
		};
		CD0145ED2360FB1C00C5DD8C /* HolaTesterTests */ = {
			isa = PBXNativeTarget;
			buildConfigurationList = CD0146052360FB1D00C5DD8C /* Build configuration list for PBXNativeTarget "HolaTesterTests" */;
			buildPhases = (
				CD0145EA2360FB1C00C5DD8C /* Sources */,
				CD0145EB2360FB1C00C5DD8C /* Frameworks */,
				CD0145EC2360FB1C00C5DD8C /* Resources */,
			);
			buildRules = (
			);
			dependencies = (
				CD0145F02360FB1C00C5DD8C /* PBXTargetDependency */,
			);
			name = HolaTesterTests;
			productName = HolaTesterTests;
			productReference = CD0145EE2360FB1C00C5DD8C /* HolaTesterTests.xctest */;
			productType = "com.apple.product-type.bundle.unit-test";
		};
		CD0145F82360FB1D00C5DD8C /* HolaTesterUITests */ = {
			isa = PBXNativeTarget;
			buildConfigurationList = CD0146082360FB1D00C5DD8C /* Build configuration list for PBXNativeTarget "HolaTesterUITests" */;
			buildPhases = (
				CD0145F52360FB1D00C5DD8C /* Sources */,
				CD0145F62360FB1D00C5DD8C /* Frameworks */,
				CD0145F72360FB1D00C5DD8C /* Resources */,
			);
			buildRules = (
			);
			dependencies = (
				CD0145FB2360FB1D00C5DD8C /* PBXTargetDependency */,
			);
			name = HolaTesterUITests;
			productName = HolaTesterUITests;
			productReference = CD0145F92360FB1D00C5DD8C /* HolaTesterUITests.xctest */;
			productType = "com.apple.product-type.bundle.ui-testing";
		};
/* End PBXNativeTarget section */

/* Begin PBXProject section */
		CD0145D02360FB1B00C5DD8C /* Project object */ = {
			isa = PBXProject;
			attributes = {
				LastSwiftUpdateCheck = 1110;
				LastUpgradeCheck = 1110;
				ORGANIZATIONNAME = "Philip Shen";
				TargetAttributes = {
					CD0145D72360FB1B00C5DD8C = {
						CreatedOnToolsVersion = 11.1;
					};
					CD0145ED2360FB1C00C5DD8C = {
						CreatedOnToolsVersion = 11.1;
						TestTargetID = CD0145D72360FB1B00C5DD8C;
					};
					CD0145F82360FB1D00C5DD8C = {
						CreatedOnToolsVersion = 11.1;
						TestTargetID = CD0145D72360FB1B00C5DD8C;
					};
				};
			};
			buildConfigurationList = CD0145D32360FB1B00C5DD8C /* Build configuration list for PBXProject "HolaTester" */;
			compatibilityVersion = "Xcode 9.3";
			developmentRegion = en;
			hasScannedForEncodings = 0;
			knownRegions = (
				en,
				Base,
			);
			mainGroup = CD0145CF2360FB1B00C5DD8C;
			productRefGroup = CD0145D92360FB1B00C5DD8C /* Products */;
			projectDirPath = "";
			projectRoot = "";
			targets = (
				CD0145D72360FB1B00C5DD8C /* HolaTester */,
				CD0145ED2360FB1C00C5DD8C /* HolaTesterTests */,
				CD0145F82360FB1D00C5DD8C /* HolaTesterUITests */,
			);
		};
/* End PBXProject section */

/* Begin PBXResourcesBuildPhase section */
		CD0145D62360FB1B00C5DD8C /* Resources */ = {
			isa = PBXResourcesBuildPhase;
			buildActionMask = 2147483647;
			files = (
				CD0145E82360FB1C00C5DD8C /* LaunchScreen.storyboard in Resources */,
				CD0145E52360FB1C00C5DD8C /* Assets.xcassets in Resources */,
				CD0145E32360FB1B00C5DD8C /* Main.storyboard in Resources */,
			);
			runOnlyForDeploymentPostprocessing = 0;
		};
		CD0145EC2360FB1C00C5DD8C /* Resources */ = {
			isa = PBXResourcesBuildPhase;
			buildActionMask = 2147483647;
			files = (
			);
			runOnlyForDeploymentPostprocessing = 0;
		};
		CD0145F72360FB1D00C5DD8C /* Resources */ = {
			isa = PBXResourcesBuildPhase;
			buildActionMask = 2147483647;
			files = (
			);
			runOnlyForDeploymentPostprocessing = 0;
		};
/* End PBXResourcesBuildPhase section */

/* Begin PBXSourcesBuildPhase section */
		CD0145D42360FB1B00C5DD8C /* Sources */ = {
			isa = PBXSourcesBuildPhase;
			buildActionMask = 2147483647;
			files = (
				CD0145E02360FB1B00C5DD8C /* ViewController.swift in Sources */,
				CD0145DC2360FB1B00C5DD8C /* AppDelegate.swift in Sources */,
				CD0145DE2360FB1B00C5DD8C /* SceneDelegate.swift in Sources */,
			);
			runOnlyForDeploymentPostprocessing = 0;
		};
		CD0145EA2360FB1C00C5DD8C /* Sources */ = {
			isa = PBXSourcesBuildPhase;
			buildActionMask = 2147483647;
			files = (
				CD0145F32360FB1C00C5DD8C /* HolaTesterTests.swift in Sources */,
			);
			runOnlyForDeploymentPostprocessing = 0;
		};
		CD0145F52360FB1D00C5DD8C /* Sources */ = {
			isa = PBXSourcesBuildPhase;
			buildActionMask = 2147483647;
			files = (
				CD0145FE2360FB1D00C5DD8C /* HolaTesterUITests.swift in Sources */,
			);
			runOnlyForDeploymentPostprocessing = 0;
		};
/* End PBXSourcesBuildPhase section */

/* Begin PBXTargetDependency section */
		CD0145F02360FB1C00C5DD8C /* PBXTargetDependency */ = {
			isa = PBXTargetDependency;
			target = CD0145D72360FB1B00C5DD8C /* HolaTester */;
			targetProxy = CD0145EF2360FB1C00C5DD8C /* PBXContainerItemProxy */;
		};
		CD0145FB2360FB1D00C5DD8C /* PBXTargetDependency */ = {
			isa = PBXTargetDependency;
			target = CD0145D72360FB1B00C5DD8C /* HolaTester */;
			targetProxy = CD0145FA2360FB1D00C5DD8C /* PBXContainerItemProxy */;
		};
/* End PBXTargetDependency section */

/* Begin PBXVariantGroup section */
		CD0145E12360FB1B00C5DD8C /* Main.storyboard */ = {
			isa = PBXVariantGroup;
			children = (
				CD0145E22360FB1B00C5DD8C /* Base */,
			);
			name = Main.storyboard;
			sourceTree = "<group>";
		};
		CD0145E62360FB1C00C5DD8C /* LaunchScreen.storyboard */ = {
			isa = PBXVariantGroup;
			children = (
				CD0145E72360FB1C00C5DD8C /* Base */,
			);
			name = LaunchScreen.storyboard;
			sourceTree = "<group>";
		};
/* End PBXVariantGroup section */

/* Begin XCBuildConfiguration section */
		CD0146002360FB1D00C5DD8C /* Debug */ = {
			isa = XCBuildConfiguration;
			buildSettings = {
				ALWAYS_SEARCH_USER_PATHS = NO;
				CLANG_ANALYZER_NONNULL = YES;
				CLANG_ANALYZER_NUMBER_OBJECT_CONVERSION = YES_AGGRESSIVE;
				CLANG_CXX_LANGUAGE_STANDARD = "gnu++14";
				CLANG_CXX_LIBRARY = "libc++";
				CLANG_ENABLE_MODULES = YES;
				CLANG_ENABLE_OBJC_ARC = YES;
				CLANG_ENABLE_OBJC_WEAK = YES;
				CLANG_WARN_BLOCK_CAPTURE_AUTORELEASING = YES;
				CLANG_WARN_BOOL_CONVERSION = YES;
				CLANG_WARN_COMMA = YES;
				CLANG_WARN_CONSTANT_CONVERSION = YES;
				CLANG_WARN_DEPRECATED_OBJC_IMPLEMENTATIONS = YES;
				CLANG_WARN_DIRECT_OBJC_ISA_USAGE = YES_ERROR;
				CLANG_WARN_DOCUMENTATION_COMMENTS = YES;
				CLANG_WARN_EMPTY_BODY = YES;
				CLANG_WARN_ENUM_CONVERSION = YES;
				CLANG_WARN_INFINITE_RECURSION = YES;
				CLANG_WARN_INT_CONVERSION = YES;
				CLANG_WARN_NON_LITERAL_NULL_CONVERSION = YES;
				CLANG_WARN_OBJC_IMPLICIT_RETAIN_SELF = YES;
				CLANG_WARN_OBJC_LITERAL_CONVERSION = YES;
				CLANG_WARN_OBJC_ROOT_CLASS = YES_ERROR;
				CLANG_WARN_RANGE_LOOP_ANALYSIS = YES;
				CLANG_WARN_STRICT_PROTOTYPES = YES;
				CLANG_WARN_SUSPICIOUS_MOVE = YES;
				CLANG_WARN_UNGUARDED_AVAILABILITY = YES_AGGRESSIVE;
				CLANG_WARN_UNREACHABLE_CODE = YES;
				CLANG_WARN__DUPLICATE_METHOD_MATCH = YES;
				COPY_PHASE_STRIP = NO;
				DEBUG_INFORMATION_FORMAT = dwarf;
				ENABLE_STRICT_OBJC_MSGSEND = YES;
				ENABLE_TESTABILITY = YES;
				GCC_C_LANGUAGE_STANDARD = gnu11;
				GCC_DYNAMIC_NO_PIC = NO;
				GCC_NO_COMMON_BLOCKS = YES;
				GCC_OPTIMIZATION_LEVEL = 0;
				GCC_PREPROCESSOR_DEFINITIONS = (
					"DEBUG=1",
					"$(inherited)",
				);
				GCC_WARN_64_TO_32_BIT_CONVERSION = YES;
				GCC_WARN_ABOUT_RETURN_TYPE = YES_ERROR;
				GCC_WARN_UNDECLARED_SELECTOR = YES;
				GCC_WARN_UNINITIALIZED_AUTOS = YES_AGGRESSIVE;
				GCC_WARN_UNUSED_FUNCTION = YES;
				GCC_WARN_UNUSED_VARIABLE = YES;
				IPHONEOS_DEPLOYMENT_TARGET = 13.1;
				MTL_ENABLE_DEBUG_INFO = INCLUDE_SOURCE;
				MTL_FAST_MATH = YES;
				ONLY_ACTIVE_ARCH = YES;
				SDKROOT = iphoneos;
				SWIFT_ACTIVE_COMPILATION_CONDITIONS = DEBUG;
				SWIFT_OPTIMIZATION_LEVEL = "-Onone";
			};
			name = Debug;
		};
		CD0146012360FB1D00C5DD8C /* Release */ = {
			isa = XCBuildConfiguration;
			buildSettings = {
				ALWAYS_SEARCH_USER_PATHS = NO;
				CLANG_ANALYZER_NONNULL = YES;
				CLANG_ANALYZER_NUMBER_OBJECT_CONVERSION = YES_AGGRESSIVE;
				CLANG_CXX_LANGUAGE_STANDARD = "gnu++14";
				CLANG_CXX_LIBRARY = "libc++";
				CLANG_ENABLE_MODULES = YES;
				CLANG_ENABLE_OBJC_ARC = YES;
				CLANG_ENABLE_OBJC_WEAK = YES;
				CLANG_WARN_BLOCK_CAPTURE_AUTORELEASING = YES;
				CLANG_WARN_BOOL_CONVERSION = YES;
				CLANG_WARN_COMMA = YES;
				CLANG_WARN_CONSTANT_CONVERSION = YES;
				CLANG_WARN_DEPRECATED_OBJC_IMPLEMENTATIONS = YES;
				CLANG_WARN_DIRECT_OBJC_ISA_USAGE = YES_ERROR;
				CLANG_WARN_DOCUMENTATION_COMMENTS = YES;
				CLANG_WARN_EMPTY_BODY = YES;
				CLANG_WARN_ENUM_CONVERSION = YES;
				CLANG_WARN_INFINITE_RECURSION = YES;
				CLANG_WARN_INT_CONVERSION = YES;
				CLANG_WARN_NON_LITERAL_NULL_CONVERSION = YES;
				CLANG_WARN_OBJC_IMPLICIT_RETAIN_SELF = YES;
				CLANG_WARN_OBJC_LITERAL_CONVERSION = YES;
				CLANG_WARN_OBJC_ROOT_CLASS = YES_ERROR;
				CLANG_WARN_RANGE_LOOP_ANALYSIS = YES;
				CLANG_WARN_STRICT_PROTOTYPES = YES;
				CLANG_WARN_SUSPICIOUS_MOVE = YES;
				CLANG_WARN_UNGUARDED_AVAILABILITY = YES_AGGRESSIVE;
				CLANG_WARN_UNREACHABLE_CODE = YES;
				CLANG_WARN__DUPLICATE_METHOD_MATCH = YES;
				COPY_PHASE_STRIP = NO;
				DEBUG_INFORMATION_FORMAT = "dwarf-with-dsym";
				ENABLE_NS_ASSERTIONS = NO;
				ENABLE_STRICT_OBJC_MSGSEND = YES;
				GCC_C_LANGUAGE_STANDARD = gnu11;
				GCC_NO_COMMON_BLOCKS = YES;
				GCC_WARN_64_TO_32_BIT_CONVERSION = YES;
				GCC_WARN_ABOUT_RETURN_TYPE = YES_ERROR;
				GCC_WARN_UNDECLARED_SELECTOR = YES;
				GCC_WARN_UNINITIALIZED_AUTOS = YES_AGGRESSIVE;
				GCC_WARN_UNUSED_FUNCTION = YES;
				GCC_WARN_UNUSED_VARIABLE = YES;
				IPHONEOS_DEPLOYMENT_TARGET = 13.1;
				MTL_ENABLE_DEBUG_INFO = NO;
				MTL_FAST_MATH = YES;
				SDKROOT = iphoneos;
				SWIFT_COMPILATION_MODE = wholemodule;
				SWIFT_OPTIMIZATION_LEVEL = "-O";
				VALIDATE_PRODUCT = YES;
			};
			name = Release;
		};
		CD0146032360FB1D00C5DD8C /* Debug */ = {
			isa = XCBuildConfiguration;
			buildSettings = {
				ASSETCATALOG_COMPILER_APPICON_NAME = AppIcon;
				CODE_SIGN_STYLE = Automatic;
				DEVELOPMENT_TEAM = 8G99YY6VVQ;
				INFOPLIST_FILE = HolaTester/Info.plist;
				LD_RUNPATH_SEARCH_PATHS = (
					"$(inherited)",
					"@executable_path/Frameworks",
				);
				PRODUCT_BUNDLE_IDENTIFIER = com.philipshen.projects.HolaTester;
				PRODUCT_NAME = "$(TARGET_NAME)";
				SWIFT_VERSION = 5.0;
				TARGETED_DEVICE_FAMILY = "1,2";
			};
			name = Debug;
		};
		CD0146042360FB1D00C5DD8C /* Release */ = {
			isa = XCBuildConfiguration;
			buildSettings = {
				ASSETCATALOG_COMPILER_APPICON_NAME = AppIcon;
				CODE_SIGN_STYLE = Automatic;
				DEVELOPMENT_TEAM = 8G99YY6VVQ;
				INFOPLIST_FILE = HolaTester/Info.plist;
				LD_RUNPATH_SEARCH_PATHS = (
					"$(inherited)",
					"@executable_path/Frameworks",
				);
				PRODUCT_BUNDLE_IDENTIFIER = com.philipshen.projects.HolaTester;
				PRODUCT_NAME = "$(TARGET_NAME)";
				SWIFT_VERSION = 5.0;
				TARGETED_DEVICE_FAMILY = "1,2";
			};
			name = Release;
		};
		CD0146062360FB1D00C5DD8C /* Debug */ = {
			isa = XCBuildConfiguration;
			buildSettings = {
				ALWAYS_EMBED_SWIFT_STANDARD_LIBRARIES = YES;
				BUNDLE_LOADER = "$(TEST_HOST)";
				CODE_SIGN_STYLE = Automatic;
				DEVELOPMENT_TEAM = 8G99YY6VVQ;
				INFOPLIST_FILE = HolaTesterTests/Info.plist;
				IPHONEOS_DEPLOYMENT_TARGET = 13.1;
				LD_RUNPATH_SEARCH_PATHS = (
					"$(inherited)",
					"@executable_path/Frameworks",
					"@loader_path/Frameworks",
				);
				PRODUCT_BUNDLE_IDENTIFIER = com.philipshen.projects.HolaTesterTests;
				PRODUCT_NAME = "$(TARGET_NAME)";
				SWIFT_VERSION = 5.0;
				TARGETED_DEVICE_FAMILY = "1,2";
				TEST_HOST = "$(BUILT_PRODUCTS_DIR)/HolaTester.app/HolaTester";
			};
			name = Debug;
		};
		CD0146072360FB1D00C5DD8C /* Release */ = {
			isa = XCBuildConfiguration;
			buildSettings = {
				ALWAYS_EMBED_SWIFT_STANDARD_LIBRARIES = YES;
				BUNDLE_LOADER = "$(TEST_HOST)";
				CODE_SIGN_STYLE = Automatic;
				DEVELOPMENT_TEAM = 8G99YY6VVQ;
				INFOPLIST_FILE = HolaTesterTests/Info.plist;
				IPHONEOS_DEPLOYMENT_TARGET = 13.1;
				LD_RUNPATH_SEARCH_PATHS = (
					"$(inherited)",
					"@executable_path/Frameworks",
					"@loader_path/Frameworks",
				);
				PRODUCT_BUNDLE_IDENTIFIER = com.philipshen.projects.HolaTesterTests;
				PRODUCT_NAME = "$(TARGET_NAME)";
				SWIFT_VERSION = 5.0;
				TARGETED_DEVICE_FAMILY = "1,2";
				TEST_HOST = "$(BUILT_PRODUCTS_DIR)/HolaTester.app/HolaTester";
			};
			name = Release;
		};
		CD0146092360FB1D00C5DD8C /* Debug */ = {
			isa = XCBuildConfiguration;
			buildSettings = {
				ALWAYS_EMBED_SWIFT_STANDARD_LIBRARIES = YES;
				CODE_SIGN_STYLE = Automatic;
				DEVELOPMENT_TEAM = 8G99YY6VVQ;
				INFOPLIST_FILE = HolaTesterUITests/Info.plist;
				LD_RUNPATH_SEARCH_PATHS = (
					"$(inherited)",
					"@executable_path/Frameworks",
					"@loader_path/Frameworks",
				);
				PRODUCT_BUNDLE_IDENTIFIER = com.philipshen.projects.HolaTesterUITests;
				PRODUCT_NAME = "$(TARGET_NAME)";
				SWIFT_VERSION = 5.0;
				TARGETED_DEVICE_FAMILY = "1,2";
				TEST_TARGET_NAME = HolaTester;
			};
			name = Debug;
		};
		CD01460A2360FB1D00C5DD8C /* Release */ = {
			isa = XCBuildConfiguration;
			buildSettings = {
				ALWAYS_EMBED_SWIFT_STANDARD_LIBRARIES = YES;
				CODE_SIGN_STYLE = Automatic;
				DEVELOPMENT_TEAM = 8G99YY6VVQ;
				INFOPLIST_FILE = HolaTesterUITests/Info.plist;
				LD_RUNPATH_SEARCH_PATHS = (
					"$(inherited)",
					"@executable_path/Frameworks",
					"@loader_path/Frameworks",
				);
				PRODUCT_BUNDLE_IDENTIFIER = com.philipshen.projects.HolaTesterUITests;
				PRODUCT_NAME = "$(TARGET_NAME)";
				SWIFT_VERSION = 5.0;
				TARGETED_DEVICE_FAMILY = "1,2";
				TEST_TARGET_NAME = HolaTester;
			};
			name = Release;
		};
/* End XCBuildConfiguration section */

/* Begin XCConfigurationList section */
		CD0145D32360FB1B00C5DD8C /* Build configuration list for PBXProject "HolaTester" */ = {
			isa = XCConfigurationList;
			buildConfigurations = (
				CD0146002360FB1D00C5DD8C /* Debug */,
				CD0146012360FB1D00C5DD8C /* Release */,
			);
			defaultConfigurationIsVisible = 0;
			defaultConfigurationName = Release;
		};
		CD0146022360FB1D00C5DD8C /* Build configuration list for PBXNativeTarget "HolaTester" */ = {
			isa = XCConfigurationList;
			buildConfigurations = (
				CD0146032360FB1D00C5DD8C /* Debug */,
				CD0146042360FB1D00C5DD8C /* Release */,
			);
			defaultConfigurationIsVisible = 0;
			defaultConfigurationName = Release;
		};
		CD0146052360FB1D00C5DD8C /* Build configuration list for PBXNativeTarget "HolaTesterTests" */ = {
			isa = XCConfigurationList;
			buildConfigurations = (
				CD0146062360FB1D00C5DD8C /* Debug */,
				CD0146072360FB1D00C5DD8C /* Release */,
			);
			defaultConfigurationIsVisible = 0;
			defaultConfigurationName = Release;
		};
		CD0146082360FB1D00C5DD8C /* Build configuration list for PBXNativeTarget "HolaTesterUITests" */ = {
			isa = XCConfigurationList;
			buildConfigurations = (
				CD0146092360FB1D00C5DD8C /* Debug */,
				CD01460A2360FB1D00C5DD8C /* Release */,
			);
			defaultConfigurationIsVisible = 0;
			defaultConfigurationName = Release;
		};
/* End XCConfigurationList section */
	};
	rootObject = CD0145D02360FB1B00C5DD8C /* Project object */;
}
